
Microsoft Visual Studio Solution File, Format Version 12.00
# Visual Studio Version 17
VisualStudioVersion = 17.3.32929.385
MinimumVisualStudioVersion = 10.0.40219.1
Project("{FAE04EC0-301F-11D3-BF4B-00C04F79EFBC}") = "TesteVagaWPF", "TesteVagaWPF.csproj", "{DC0759D6-8819-42CB-9B3C-238BD9569C4D}"
EndProject
Global
	GlobalSection(SolutionConfigurationPlatforms) = preSolution
		Debug|Any CPU = Debug|Any CPU
		Release|Any CPU = Release|Any CPU
	EndGlobalSection
	GlobalSection(ProjectConfigurationPlatforms) = postSolution
		{DC0759D6-8819-42CB-9B3C-238BD9569C4D}.Debug|Any CPU.ActiveCfg = Debug|Any CPU
		{DC0759D6-8819-42CB-9B3C-238BD9569C4D}.Debug|Any CPU.Build.0 = Debug|Any CPU
		{DC0759D6-8819-42CB-9B3C-238BD9569C4D}.Release|Any CPU.ActiveCfg = Release|Any CPU
		{DC0759D6-8819-42CB-9B3C-238BD9569C4D}.Release|Any CPU.Build.0 = Release|Any CPU
	EndGlobalSection
	GlobalSection(SolutionProperties) = preSolution
		HideSolutionNode = FALSE
	EndGlobalSection
	GlobalSection(ExtensibilityGlobals) = postSolution
		SolutionGuid = {D5529C0A-4C20-40ED-95B3-0582BF6CDD46}
	EndGlobalSection
EndGlobal
